
Microsoft Visual Studio Solution File, Format Version 12.00
# Visual Studio 14
VisualStudioVersion = 14.0.25420.1
MinimumVisualStudioVersion = 10.0.40219.1
Project("{FAE04EC0-301F-11D3-BF4B-00C04F79EFBC}") = "Billyboard", "Billyboard\Billyboard.csproj", "{0578D50E-93BD-4B36-8AE7-3FBFBF40AD71}"
EndProject
Project("{FAE04EC0-301F-11D3-BF4B-00C04F79EFBC}") = "Billyboard.Controls", "Billyboard.Controls\Billyboard.Controls.csproj", "{7EABE925-E1F2-477E-9891-6342A76BAEE8}"
EndProject
Project("{FAE04EC0-301F-11D3-BF4B-00C04F79EFBC}") = "DocumentFramework", "DocumentFramework\DocumentFramework.csproj", "{61835990-11CA-435F-989C-E1C6928C19DB}"
EndProject
Global
	GlobalSection(SolutionConfigurationPlatforms) = preSolution
		Debug|Any CPU = Debug|Any CPU
		Release|Any CPU = Release|Any CPU
	EndGlobalSection
	GlobalSection(ProjectConfigurationPlatforms) = postSolution
		{0578D50E-93BD-4B36-8AE7-3FBFBF40AD71}.Debug|Any CPU.ActiveCfg = Debug|Any CPU
		{0578D50E-93BD-4B36-8AE7-3FBFBF40AD71}.Debug|Any CPU.Build.0 = Debug|Any CPU
		{0578D50E-93BD-4B36-8AE7-3FBFBF40AD71}.Release|Any CPU.ActiveCfg = Release|Any CPU
		{0578D50E-93BD-4B36-8AE7-3FBFBF40AD71}.Release|Any CPU.Build.0 = Release|Any CPU
		{7EABE925-E1F2-477E-9891-6342A76BAEE8}.Debug|Any CPU.ActiveCfg = Debug|Any CPU
		{7EABE925-E1F2-477E-9891-6342A76BAEE8}.Debug|Any CPU.Build.0 = Debug|Any CPU
		{7EABE925-E1F2-477E-9891-6342A76BAEE8}.Release|Any CPU.ActiveCfg = Release|Any CPU
		{7EABE925-E1F2-477E-9891-6342A76BAEE8}.Release|Any CPU.Build.0 = Release|Any CPU
		{61835990-11CA-435F-989C-E1C6928C19DB}.Debug|Any CPU.ActiveCfg = Debug|Any CPU
		{61835990-11CA-435F-989C-E1C6928C19DB}.Debug|Any CPU.Build.0 = Debug|Any CPU
		{61835990-11CA-435F-989C-E1C6928C19DB}.Release|Any CPU.ActiveCfg = Release|Any CPU
		{61835990-11CA-435F-989C-E1C6928C19DB}.Release|Any CPU.Build.0 = Release|Any CPU
	EndGlobalSection
	GlobalSection(SolutionProperties) = preSolution
		HideSolutionNode = FALSE
	EndGlobalSection
EndGlobal
